
Microsoft Visual Studio Solution File, Format Version 12.00
# Visual Studio Version 17
VisualStudioVersion = 17.1.32328.378
MinimumVisualStudioVersion = 10.0.40219.1
Project("{FAE04EC0-301F-11D3-BF4B-00C04F79EFBC}") = "TestingProject", "TestingProject.csproj", "{BC1ED3B2-53D4-4297-AFAF-F0D9A19FFB6A}"
EndProject
Global
	GlobalSection(SolutionConfigurationPlatforms) = preSolution
		Debug|Any CPU = Debug|Any CPU
		Release|Any CPU = Release|Any CPU
	EndGlobalSection
	GlobalSection(ProjectConfigurationPlatforms) = postSolution
		{BC1ED3B2-53D4-4297-AFAF-F0D9A19FFB6A}.Debug|Any CPU.ActiveCfg = Debug|Any CPU
		{BC1ED3B2-53D4-4297-AFAF-F0D9A19FFB6A}.Debug|Any CPU.Build.0 = Debug|Any CPU
		{BC1ED3B2-53D4-4297-AFAF-F0D9A19FFB6A}.Release|Any CPU.ActiveCfg = Release|Any CPU
		{BC1ED3B2-53D4-4297-AFAF-F0D9A19FFB6A}.Release|Any CPU.Build.0 = Release|Any CPU
	EndGlobalSection
	GlobalSection(SolutionProperties) = preSolution
		HideSolutionNode = FALSE
	EndGlobalSection
	GlobalSection(ExtensibilityGlobals) = postSolution
		SolutionGuid = {AE757A83-6193-4905-BF4E-CD8AB1ED80E4}
	EndGlobalSection
EndGlobal
